{
  "name": "vscode-catkin-tools-api",
  "version": "1.2.0",
  "lockfileVersion": 2,
  "requires": true,
  "packages": {
    "": {
      "name": "vscode-catkin-tools-api",
      "version": "1.2.0",
      "license": "MIT",
      "dependencies": {
        "fs": "0.0.1-security",
        "vscode-cpptools": "^2.1.2",
        "vscode-jsonrpc": "^4.0.0"
      },
      "devDependencies": {
        "@types/node": "^17.0.0",
        "@types/vscode": "^1.61.0",
        "typescript": "^4.2.2"
      },
      "engines": {
        "vscode": "^1.61.0"
      }
    },
    "node_modules/@types/node": {
      "version": "17.0.18",
      "resolved": "https://registry.npmjs.org/@types/node/-/node-17.0.18.tgz",
      "integrity": "sha512-eKj4f/BsN/qcculZiRSujogjvp5O/k4lOW5m35NopjZM/QwLOR075a8pJW5hD+Rtdm2DaCVPENS6KtSQnUD6BA==",
      "dev": true
    },
    "node_modules/@types/vscode": {
      "version": "1.64.0",
      "resolved": "https://registry.npmjs.org/@types/vscode/-/vscode-1.64.0.tgz",
      "integrity": "sha512-bSlAWz5WtcSL3cO9tAT/KpEH9rv5OBnm93OIIFwdCshaAiqr2bp1AUyEwW9MWeCvZBHEXc3V0fTYVdVyzDNwHA==",
      "dev": true
    },
    "node_modules/fs": {
      "version": "0.0.1-security",
      "resolved": "https://registry.npmjs.org/fs/-/fs-0.0.1-security.tgz",
      "integrity": "sha1-invTcYa23d84E/I4WLV+yq9eQdQ="
    },
    "node_modules/typescript": {
      "version": "4.5.5",
      "resolved": "https://registry.npmjs.org/typescript/-/typescript-4.5.5.tgz",
      "integrity": "sha512-TCTIul70LyWe6IJWT8QSYeA54WQe8EjQFU4wY52Fasj5UKx88LNYKCgBEHcOMOrFF1rKGbD8v/xcNWVUq9SymA==",
      "dev": true,
      "bin": {
        "tsc": "bin/tsc",
        "tsserver": "bin/tsserver"
      },
      "engines": {
        "node": ">=4.2.0"
      }
    },
    "node_modules/vscode-cpptools": {
      "version": "2.1.2",
      "resolved": "https://registry.npmjs.org/vscode-cpptools/-/vscode-cpptools-2.1.2.tgz",
      "integrity": "sha512-oMx/wsLQM6NggnmWn4t8lIrt1K7Zpl5G34zxNu+J6KHGnCxBzc+NHnxXS1Vu1hLxGWwANAvdxr3mEcA2LMe7hQ==",
      "engines": {
        "vscode": "^1.22.0"
      }
    },
    "node_modules/vscode-jsonrpc": {
      "version": "4.0.0",
      "resolved": "https://registry.npmjs.org/vscode-jsonrpc/-/vscode-jsonrpc-4.0.0.tgz",
      "integrity": "sha512-perEnXQdQOJMTDFNv+UF3h1Y0z4iSiaN9jIlb0OqIYgosPCZGYh/MCUlkFtV2668PL69lRDO32hmvL2yiidUYg==",
      "engines": {
        "node": ">=8.0.0 || >=10.0.0"
      }
    }
  },
  "dependencies": {
    "@types/node": {
      "version": "17.0.18",
      "resolved": "https://registry.npmjs.org/@types/node/-/node-17.0.18.tgz",
      "integrity": "sha512-eKj4f/BsN/qcculZiRSujogjvp5O/k4lOW5m35NopjZM/QwLOR075a8pJW5hD+Rtdm2DaCVPENS6KtSQnUD6BA==",
      "dev": true
    },
    "@types/vscode": {
      "version": "1.64.0",
      "resolved": "https://registry.npmjs.org/@types/vscode/-/vscode-1.64.0.tgz",
      "integrity": "sha512-bSlAWz5WtcSL3cO9tAT/KpEH9rv5OBnm93OIIFwdCshaAiqr2bp1AUyEwW9MWeCvZBHEXc3V0fTYVdVyzDNwHA==",
      "dev": true
    },
    "fs": {
      "version": "0.0.1-security",
      "resolved": "https://registry.npmjs.org/fs/-/fs-0.0.1-security.tgz",
      "integrity": "sha1-invTcYa23d84E/I4WLV+yq9eQdQ="
    },
    "typescript": {
      "version": "4.5.5",
      "resolved": "https://registry.npmjs.org/typescript/-/typescript-4.5.5.tgz",
      "integrity": "sha512-TCTIul70LyWe6IJWT8QSYeA54WQe8EjQFU4wY52Fasj5UKx88LNYKCgBEHcOMOrFF1rKGbD8v/xcNWVUq9SymA==",
      "dev": true
    },
    "vscode-cpptools": {
      "version": "2.1.2",
      "resolved": "https://registry.npmjs.org/vscode-cpptools/-/vscode-cpptools-2.1.2.tgz",
      "integrity": "sha512-oMx/wsLQM6NggnmWn4t8lIrt1K7Zpl5G34zxNu+J6KHGnCxBzc+NHnxXS1Vu1hLxGWwANAvdxr3mEcA2LMe7hQ=="
    },
    "vscode-jsonrpc": {
      "version": "4.0.0",
      "resolved": "https://registry.npmjs.org/vscode-jsonrpc/-/vscode-jsonrpc-4.0.0.tgz",
      "integrity": "sha512-perEnXQdQOJMTDFNv+UF3h1Y0z4iSiaN9jIlb0OqIYgosPCZGYh/MCUlkFtV2668PL69lRDO32hmvL2yiidUYg=="
    }
  }
}
