{
  "name": "vscode-catkin-tools-api",
  "version": "1.0.1",
  "lockfileVersion": 2,
  "requires": true,
  "packages": {
    "": {
      "name": "vscode-catkin-tools-api",
      "version": "1.0.1",
      "license": "MIT",
      "dependencies": {
        "fs": "0.0.1-security",
        "vscode-cpptools": "^2.1.2",
        "vscode-jsonrpc": "^4.0.0",
        "vscode-test-adapter-api": "^1.9.0"
      },
      "devDependencies": {
        "@types/node": "^10.17.60",
        "@types/vscode": "^1.60.0",
        "typescript": "^4.2.2"
      },
      "engines": {
        "vscode": "^1.59.0"
      }
    },
    "node_modules/@types/node": {
      "version": "10.17.60",
      "resolved": "https://registry.npmjs.org/@types/node/-/node-10.17.60.tgz",
      "integrity": "sha512-F0KIgDJfy2nA3zMLmWGKxcH2ZVEtCZXHHdOQs2gSaQ27+lNeEfGxzkIw90aXswATX7AZ33tahPbzy6KAfUreVw==",
      "dev": true
    },
    "node_modules/@types/vscode": {
      "version": "1.60.0",
      "resolved": "https://registry.npmjs.org/@types/vscode/-/vscode-1.60.0.tgz",
      "integrity": "sha512-wZt3VTmzYrgZ0l/3QmEbCq4KAJ71K3/hmMQ/nfpv84oH8e81KKwPEoQ5v8dNCxfHFVJ1JabHKmCvqdYOoVm1Ow==",
      "dev": true
    },
    "node_modules/fs": {
      "version": "0.0.1-security",
      "resolved": "https://registry.npmjs.org/fs/-/fs-0.0.1-security.tgz",
      "integrity": "sha1-invTcYa23d84E/I4WLV+yq9eQdQ="
    },
    "node_modules/typescript": {
      "version": "4.4.3",
      "resolved": "https://registry.npmjs.org/typescript/-/typescript-4.4.3.tgz",
      "integrity": "sha512-4xfscpisVgqqDfPaJo5vkd+Qd/ItkoagnHpufr+i2QCHBsNYp+G7UAoyFl8aPtx879u38wPV65rZ8qbGZijalA==",
      "dev": true,
      "bin": {
        "tsc": "bin/tsc",
        "tsserver": "bin/tsserver"
      },
      "engines": {
        "node": ">=4.2.0"
      }
    },
    "node_modules/vscode-cpptools": {
      "version": "2.1.2",
      "resolved": "https://registry.npmjs.org/vscode-cpptools/-/vscode-cpptools-2.1.2.tgz",
      "integrity": "sha512-oMx/wsLQM6NggnmWn4t8lIrt1K7Zpl5G34zxNu+J6KHGnCxBzc+NHnxXS1Vu1hLxGWwANAvdxr3mEcA2LMe7hQ==",
      "engines": {
        "vscode": "^1.22.0"
      }
    },
    "node_modules/vscode-jsonrpc": {
      "version": "4.0.0",
      "resolved": "https://registry.npmjs.org/vscode-jsonrpc/-/vscode-jsonrpc-4.0.0.tgz",
      "integrity": "sha512-perEnXQdQOJMTDFNv+UF3h1Y0z4iSiaN9jIlb0OqIYgosPCZGYh/MCUlkFtV2668PL69lRDO32hmvL2yiidUYg==",
      "engines": {
        "node": ">=8.0.0 || >=10.0.0"
      }
    },
    "node_modules/vscode-test-adapter-api": {
      "version": "1.9.0",
      "resolved": "https://registry.npmjs.org/vscode-test-adapter-api/-/vscode-test-adapter-api-1.9.0.tgz",
      "integrity": "sha512-lltjehUP0J9H3R/HBctjlqeUCwn2t9Lbhj2Y500ib+j5Y4H3hw+hVTzuSsfw16LtxY37knlU39QIlasa7svzOQ==",
      "engines": {
        "vscode": "^1.23.0"
      }
    }
  },
  "dependencies": {
    "@types/node": {
      "version": "10.17.60",
      "resolved": "https://registry.npmjs.org/@types/node/-/node-10.17.60.tgz",
      "integrity": "sha512-F0KIgDJfy2nA3zMLmWGKxcH2ZVEtCZXHHdOQs2gSaQ27+lNeEfGxzkIw90aXswATX7AZ33tahPbzy6KAfUreVw==",
      "dev": true
    },
    "@types/vscode": {
      "version": "1.60.0",
      "resolved": "https://registry.npmjs.org/@types/vscode/-/vscode-1.60.0.tgz",
      "integrity": "sha512-wZt3VTmzYrgZ0l/3QmEbCq4KAJ71K3/hmMQ/nfpv84oH8e81KKwPEoQ5v8dNCxfHFVJ1JabHKmCvqdYOoVm1Ow==",
      "dev": true
    },
    "fs": {
      "version": "0.0.1-security",
      "resolved": "https://registry.npmjs.org/fs/-/fs-0.0.1-security.tgz",
      "integrity": "sha1-invTcYa23d84E/I4WLV+yq9eQdQ="
    },
    "typescript": {
      "version": "4.4.3",
      "resolved": "https://registry.npmjs.org/typescript/-/typescript-4.4.3.tgz",
      "integrity": "sha512-4xfscpisVgqqDfPaJo5vkd+Qd/ItkoagnHpufr+i2QCHBsNYp+G7UAoyFl8aPtx879u38wPV65rZ8qbGZijalA==",
      "dev": true
    },
    "vscode-cpptools": {
      "version": "2.1.2",
      "resolved": "https://registry.npmjs.org/vscode-cpptools/-/vscode-cpptools-2.1.2.tgz",
      "integrity": "sha512-oMx/wsLQM6NggnmWn4t8lIrt1K7Zpl5G34zxNu+J6KHGnCxBzc+NHnxXS1Vu1hLxGWwANAvdxr3mEcA2LMe7hQ=="
    },
    "vscode-jsonrpc": {
      "version": "4.0.0",
      "resolved": "https://registry.npmjs.org/vscode-jsonrpc/-/vscode-jsonrpc-4.0.0.tgz",
      "integrity": "sha512-perEnXQdQOJMTDFNv+UF3h1Y0z4iSiaN9jIlb0OqIYgosPCZGYh/MCUlkFtV2668PL69lRDO32hmvL2yiidUYg=="
    },
    "vscode-test-adapter-api": {
      "version": "1.9.0",
      "resolved": "https://registry.npmjs.org/vscode-test-adapter-api/-/vscode-test-adapter-api-1.9.0.tgz",
      "integrity": "sha512-lltjehUP0J9H3R/HBctjlqeUCwn2t9Lbhj2Y500ib+j5Y4H3hw+hVTzuSsfw16LtxY37knlU39QIlasa7svzOQ=="
    }
  }
}
